// !$*UTF8*$!
{
	archiveVersion = 1;
	classes = {
	};
	objectVersion = 51;
	objects = {

/* Begin PBXBuildFile section */
		2F1DF75947180E525D4C13EF /* Pods_myBarList.framework in Frameworks */ = {isa = PBXBuildFile; fileRef = 46A687BC1F5E7FE3808D8D26 /* Pods_myBarList.framework */; };
		A04076EE23E95DD9001A4EDB /* SearchViewController.swift in Sources */ = {isa = PBXBuildFile; fileRef = A04076ED23E95DD9001A4EDB /* SearchViewController.swift */; };
		A04076F123EBDB99001A4EDB /* RestCell.swift in Sources */ = {isa = PBXBuildFile; fileRef = A04076F023EBDB99001A4EDB /* RestCell.swift */; };
		A04076F323EC8526001A4EDB /* RestGnavi.swift in Sources */ = {isa = PBXBuildFile; fileRef = A04076F223EC8526001A4EDB /* RestGnavi.swift */; };
		A05FAF1123E94E4B00C2039E /* AppDelegate.swift in Sources */ = {isa = PBXBuildFile; fileRef = A05FAF1023E94E4B00C2039E /* AppDelegate.swift */; };
		A05FAF1323E94E4B00C2039E /* SceneDelegate.swift in Sources */ = {isa = PBXBuildFile; fileRef = A05FAF1223E94E4B00C2039E /* SceneDelegate.swift */; };
		A05FAF1523E94E4B00C2039E /* ViewController.swift in Sources */ = {isa = PBXBuildFile; fileRef = A05FAF1423E94E4B00C2039E /* ViewController.swift */; };
		A05FAF1823E94E4B00C2039E /* Main.storyboard in Resources */ = {isa = PBXBuildFile; fileRef = A05FAF1623E94E4B00C2039E /* Main.storyboard */; };
		A05FAF1A23E94E5000C2039E /* Assets.xcassets in Resources */ = {isa = PBXBuildFile; fileRef = A05FAF1923E94E5000C2039E /* Assets.xcassets */; };
		A05FAF1D23E94E5000C2039E /* LaunchScreen.storyboard in Resources */ = {isa = PBXBuildFile; fileRef = A05FAF1B23E94E5000C2039E /* LaunchScreen.storyboard */; };
		A09A79C923F525B600C9851A /* PrefCodeGnavi.swift in Sources */ = {isa = PBXBuildFile; fileRef = A09A79C823F525B600C9851A /* PrefCodeGnavi.swift */; };
		A09A79CB23F52FA300C9851A /* PrefCodeGnavi.json in Resources */ = {isa = PBXBuildFile; fileRef = A09A79CA23F52FA300C9851A /* PrefCodeGnavi.json */; };
		A0AA1EA623F6F5F6006F31E5 /* GoogleService-Info.plist in Resources */ = {isa = PBXBuildFile; fileRef = A0AA1EA523F6F5F6006F31E5 /* GoogleService-Info.plist */; };
/* End PBXBuildFile section */

/* Begin PBXFileReference section */
		46A687BC1F5E7FE3808D8D26 /* Pods_myBarList.framework */ = {isa = PBXFileReference; explicitFileType = wrapper.framework; includeInIndex = 0; path = Pods_myBarList.framework; sourceTree = BUILT_PRODUCTS_DIR; };
		5617F964B984DC403AA5A114 /* Pods-myBarList.debug.xcconfig */ = {isa = PBXFileReference; includeInIndex = 1; lastKnownFileType = text.xcconfig; name = "Pods-myBarList.debug.xcconfig"; path = "Target Support Files/Pods-myBarList/Pods-myBarList.debug.xcconfig"; sourceTree = "<group>"; };
		A04076ED23E95DD9001A4EDB /* SearchViewController.swift */ = {isa = PBXFileReference; lastKnownFileType = sourcecode.swift; path = SearchViewController.swift; sourceTree = "<group>"; };
		A04076F023EBDB99001A4EDB /* RestCell.swift */ = {isa = PBXFileReference; lastKnownFileType = sourcecode.swift; path = RestCell.swift; sourceTree = "<group>"; };
		A04076F223EC8526001A4EDB /* RestGnavi.swift */ = {isa = PBXFileReference; lastKnownFileType = sourcecode.swift; path = RestGnavi.swift; sourceTree = "<group>"; };
		A05FAF0D23E94E4B00C2039E /* myBarList.app */ = {isa = PBXFileReference; explicitFileType = wrapper.application; includeInIndex = 0; path = myBarList.app; sourceTree = BUILT_PRODUCTS_DIR; };
		A05FAF1023E94E4B00C2039E /* AppDelegate.swift */ = {isa = PBXFileReference; lastKnownFileType = sourcecode.swift; path = AppDelegate.swift; sourceTree = "<group>"; };
		A05FAF1223E94E4B00C2039E /* SceneDelegate.swift */ = {isa = PBXFileReference; lastKnownFileType = sourcecode.swift; path = SceneDelegate.swift; sourceTree = "<group>"; };
		A05FAF1423E94E4B00C2039E /* ViewController.swift */ = {isa = PBXFileReference; lastKnownFileType = sourcecode.swift; path = ViewController.swift; sourceTree = "<group>"; };
		A05FAF1723E94E4B00C2039E /* Base */ = {isa = PBXFileReference; lastKnownFileType = file.storyboard; name = Base; path = Base.lproj/Main.storyboard; sourceTree = "<group>"; };
		A05FAF1923E94E5000C2039E /* Assets.xcassets */ = {isa = PBXFileReference; lastKnownFileType = folder.assetcatalog; path = Assets.xcassets; sourceTree = "<group>"; };
		A05FAF1C23E94E5000C2039E /* Base */ = {isa = PBXFileReference; lastKnownFileType = file.storyboard; name = Base; path = Base.lproj/LaunchScreen.storyboard; sourceTree = "<group>"; };
		A05FAF1E23E94E5000C2039E /* Info.plist */ = {isa = PBXFileReference; lastKnownFileType = text.plist.xml; path = Info.plist; sourceTree = "<group>"; };
		A09A79C823F525B600C9851A /* PrefCodeGnavi.swift */ = {isa = PBXFileReference; lastKnownFileType = sourcecode.swift; path = PrefCodeGnavi.swift; sourceTree = "<group>"; };
		A09A79CA23F52FA300C9851A /* PrefCodeGnavi.json */ = {isa = PBXFileReference; fileEncoding = 4; lastKnownFileType = text.json; path = PrefCodeGnavi.json; sourceTree = "<group>"; };
		A0AA1EA523F6F5F6006F31E5 /* GoogleService-Info.plist */ = {isa = PBXFileReference; fileEncoding = 4; lastKnownFileType = text.plist.xml; path = "GoogleService-Info.plist"; sourceTree = "<group>"; };
		E3F035F33F01A0118225B777 /* Pods-myBarList.release.xcconfig */ = {isa = PBXFileReference; includeInIndex = 1; lastKnownFileType = text.xcconfig; name = "Pods-myBarList.release.xcconfig"; path = "Target Support Files/Pods-myBarList/Pods-myBarList.release.xcconfig"; sourceTree = "<group>"; };
/* End PBXFileReference section */

/* Begin PBXFrameworksBuildPhase section */
		A05FAF0A23E94E4B00C2039E /* Frameworks */ = {
			isa = PBXFrameworksBuildPhase;
			buildActionMask = 2147483647;
			files = (
				2F1DF75947180E525D4C13EF /* Pods_myBarList.framework in Frameworks */,
			);
			runOnlyForDeploymentPostprocessing = 0;
		};
/* End PBXFrameworksBuildPhase section */

/* Begin PBXGroup section */
		10FFEE319EDA8EE6B23CF854 /* Pods */ = {
			isa = PBXGroup;
			children = (
				5617F964B984DC403AA5A114 /* Pods-myBarList.debug.xcconfig */,
				E3F035F33F01A0118225B777 /* Pods-myBarList.release.xcconfig */,
			);
			path = Pods;
			sourceTree = "<group>";
		};
		8500E45134802FFE685C1D69 /* Frameworks */ = {
			isa = PBXGroup;
			children = (
				46A687BC1F5E7FE3808D8D26 /* Pods_myBarList.framework */,
			);
			name = Frameworks;
			sourceTree = "<group>";
		};
		A05FAF0423E94E4B00C2039E = {
			isa = PBXGroup;
			children = (
				A05FAF0F23E94E4B00C2039E /* myBarList */,
				A05FAF0E23E94E4B00C2039E /* Products */,
				10FFEE319EDA8EE6B23CF854 /* Pods */,
				8500E45134802FFE685C1D69 /* Frameworks */,
			);
			sourceTree = "<group>";
		};
		A05FAF0E23E94E4B00C2039E /* Products */ = {
			isa = PBXGroup;
			children = (
				A05FAF0D23E94E4B00C2039E /* myBarList.app */,
			);
			name = Products;
			sourceTree = "<group>";
		};
		A05FAF0F23E94E4B00C2039E /* myBarList */ = {
			isa = PBXGroup;
			children = (
				A05FAF1023E94E4B00C2039E /* AppDelegate.swift */,
				A05FAF1223E94E4B00C2039E /* SceneDelegate.swift */,
				A05FAF1423E94E4B00C2039E /* ViewController.swift */,
				A05FAF1623E94E4B00C2039E /* Main.storyboard */,
				A05FAF1923E94E5000C2039E /* Assets.xcassets */,
				A05FAF1B23E94E5000C2039E /* LaunchScreen.storyboard */,
				A09A79CA23F52FA300C9851A /* PrefCodeGnavi.json */,
				A05FAF1E23E94E5000C2039E /* Info.plist */,
				A0AA1EA523F6F5F6006F31E5 /* GoogleService-Info.plist */,
				A04076ED23E95DD9001A4EDB /* SearchViewController.swift */,
				A04076F023EBDB99001A4EDB /* RestCell.swift */,
				A04076F223EC8526001A4EDB /* RestGnavi.swift */,
				A09A79C823F525B600C9851A /* PrefCodeGnavi.swift */,
			);
			path = myBarList;
			sourceTree = "<group>";
		};
/* End PBXGroup section */

/* Begin PBXNativeTarget section */
		A05FAF0C23E94E4B00C2039E /* myBarList */ = {
			isa = PBXNativeTarget;
			buildConfigurationList = A05FAF2123E94E5000C2039E /* Build configuration list for PBXNativeTarget "myBarList" */;
			buildPhases = (
				85EB9A2FA8F5C766AD92826D /* [CP] Check Pods Manifest.lock */,
				A05FAF0923E94E4B00C2039E /* Sources */,
				A05FAF0A23E94E4B00C2039E /* Frameworks */,
				A05FAF0B23E94E4B00C2039E /* Resources */,
				B24912BF70C6E80B860A3A19 /* [CP] Embed Pods Frameworks */,
			);
			buildRules = (
			);
			dependencies = (
			);
			name = myBarList;
			productName = myBarList;
			productReference = A05FAF0D23E94E4B00C2039E /* myBarList.app */;
			productType = "com.apple.product-type.application";
		};
/* End PBXNativeTarget section */

/* Begin PBXProject section */
		A05FAF0523E94E4B00C2039E /* Project object */ = {
			isa = PBXProject;
			attributes = {
				LastSwiftUpdateCheck = 1130;
				LastUpgradeCheck = 1130;
				ORGANIZATIONNAME = "山岡峻輔";
				TargetAttributes = {
					A05FAF0C23E94E4B00C2039E = {
						CreatedOnToolsVersion = 11.3;
					};
				};
			};
			buildConfigurationList = A05FAF0823E94E4B00C2039E /* Build configuration list for PBXProject "myBarList" */;
			compatibilityVersion = "Xcode 9.3";
			developmentRegion = en;
			hasScannedForEncodings = 0;
			knownRegions = (
				en,
				Base,
			);
			mainGroup = A05FAF0423E94E4B00C2039E;
			productRefGroup = A05FAF0E23E94E4B00C2039E /* Products */;
			projectDirPath = "";
			projectRoot = "";
			targets = (
				A05FAF0C23E94E4B00C2039E /* myBarList */,
			);
		};
/* End PBXProject section */

/* Begin PBXResourcesBuildPhase section */
		A05FAF0B23E94E4B00C2039E /* Resources */ = {
			isa = PBXResourcesBuildPhase;
			buildActionMask = 2147483647;
			files = (
				A05FAF1D23E94E5000C2039E /* LaunchScreen.storyboard in Resources */,
				A05FAF1A23E94E5000C2039E /* Assets.xcassets in Resources */,
				A0AA1EA623F6F5F6006F31E5 /* GoogleService-Info.plist in Resources */,
				A05FAF1823E94E4B00C2039E /* Main.storyboard in Resources */,
				A09A79CB23F52FA300C9851A /* PrefCodeGnavi.json in Resources */,
			);
			runOnlyForDeploymentPostprocessing = 0;
		};
/* End PBXResourcesBuildPhase section */

/* Begin PBXShellScriptBuildPhase section */
		85EB9A2FA8F5C766AD92826D /* [CP] Check Pods Manifest.lock */ = {
			isa = PBXShellScriptBuildPhase;
			buildActionMask = 2147483647;
			files = (
			);
			inputFileListPaths = (
			);
			inputPaths = (
				"${PODS_PODFILE_DIR_PATH}/Podfile.lock",
				"${PODS_ROOT}/Manifest.lock",
			);
			name = "[CP] Check Pods Manifest.lock";
			outputFileListPaths = (
			);
			outputPaths = (
				"$(DERIVED_FILE_DIR)/Pods-myBarList-checkManifestLockResult.txt",
			);
			runOnlyForDeploymentPostprocessing = 0;
			shellPath = /bin/sh;
			shellScript = "diff \"${PODS_PODFILE_DIR_PATH}/Podfile.lock\" \"${PODS_ROOT}/Manifest.lock\" > /dev/null\nif [ $? != 0 ] ; then\n    # print error to STDERR\n    echo \"error: The sandbox is not in sync with the Podfile.lock. Run 'pod install' or update your CocoaPods installation.\" >&2\n    exit 1\nfi\n# This output is used by Xcode 'outputs' to avoid re-running this script phase.\necho \"SUCCESS\" > \"${SCRIPT_OUTPUT_FILE_0}\"\n";
			showEnvVarsInLog = 0;
		};
		B24912BF70C6E80B860A3A19 /* [CP] Embed Pods Frameworks */ = {
			isa = PBXShellScriptBuildPhase;
			buildActionMask = 2147483647;
			files = (
			);
			inputFileListPaths = (
				"${PODS_ROOT}/Target Support Files/Pods-myBarList/Pods-myBarList-frameworks-${CONFIGURATION}-input-files.xcfilelist",
			);
			name = "[CP] Embed Pods Frameworks";
			outputFileListPaths = (
				"${PODS_ROOT}/Target Support Files/Pods-myBarList/Pods-myBarList-frameworks-${CONFIGURATION}-output-files.xcfilelist",
			);
			runOnlyForDeploymentPostprocessing = 0;
			shellPath = /bin/sh;
			shellScript = "\"${PODS_ROOT}/Target Support Files/Pods-myBarList/Pods-myBarList-frameworks.sh\"\n";
			showEnvVarsInLog = 0;
		};
/* End PBXShellScriptBuildPhase section */

/* Begin PBXSourcesBuildPhase section */
		A05FAF0923E94E4B00C2039E /* Sources */ = {
			isa = PBXSourcesBuildPhase;
			buildActionMask = 2147483647;
			files = (
				A05FAF1523E94E4B00C2039E /* ViewController.swift in Sources */,
				A04076F323EC8526001A4EDB /* RestGnavi.swift in Sources */,
				A04076F123EBDB99001A4EDB /* RestCell.swift in Sources */,
				A09A79C923F525B600C9851A /* PrefCodeGnavi.swift in Sources */,
				A05FAF1123E94E4B00C2039E /* AppDelegate.swift in Sources */,
				A04076EE23E95DD9001A4EDB /* SearchViewController.swift in Sources */,
				A05FAF1323E94E4B00C2039E /* SceneDelegate.swift in Sources */,
			);
			runOnlyForDeploymentPostprocessing = 0;
		};
/* End PBXSourcesBuildPhase section */

/* Begin PBXVariantGroup section */
		A05FAF1623E94E4B00C2039E /* Main.storyboard */ = {
			isa = PBXVariantGroup;
			children = (
				A05FAF1723E94E4B00C2039E /* Base */,
			);
			name = Main.storyboard;
			sourceTree = "<group>";
		};
		A05FAF1B23E94E5000C2039E /* LaunchScreen.storyboard */ = {
			isa = PBXVariantGroup;
			children = (
				A05FAF1C23E94E5000C2039E /* Base */,
			);
			name = LaunchScreen.storyboard;
			sourceTree = "<group>";
		};
/* End PBXVariantGroup section */

/* Begin XCBuildConfiguration section */
		A05FAF1F23E94E5000C2039E /* Debug */ = {
			isa = XCBuildConfiguration;
			buildSettings = {
				ALWAYS_SEARCH_USER_PATHS = NO;
				CLANG_ANALYZER_NONNULL = YES;
				CLANG_ANALYZER_NUMBER_OBJECT_CONVERSION = YES_AGGRESSIVE;
				CLANG_CXX_LANGUAGE_STANDARD = "gnu++14";
				CLANG_CXX_LIBRARY = "libc++";
				CLANG_ENABLE_MODULES = YES;
				CLANG_ENABLE_OBJC_ARC = YES;
				CLANG_ENABLE_OBJC_WEAK = YES;
				CLANG_WARN_BLOCK_CAPTURE_AUTORELEASING = YES;
				CLANG_WARN_BOOL_CONVERSION = YES;
				CLANG_WARN_COMMA = YES;
				CLANG_WARN_CONSTANT_CONVERSION = YES;
				CLANG_WARN_DEPRECATED_OBJC_IMPLEMENTATIONS = YES;
				CLANG_WARN_DIRECT_OBJC_ISA_USAGE = YES_ERROR;
				CLANG_WARN_DOCUMENTATION_COMMENTS = YES;
				CLANG_WARN_EMPTY_BODY = YES;
				CLANG_WARN_ENUM_CONVERSION = YES;
				CLANG_WARN_INFINITE_RECURSION = YES;
				CLANG_WARN_INT_CONVERSION = YES;
				CLANG_WARN_NON_LITERAL_NULL_CONVERSION = YES;
				CLANG_WARN_OBJC_IMPLICIT_RETAIN_SELF = YES;
				CLANG_WARN_OBJC_LITERAL_CONVERSION = YES;
				CLANG_WARN_OBJC_ROOT_CLASS = YES_ERROR;
				CLANG_WARN_RANGE_LOOP_ANALYSIS = YES;
				CLANG_WARN_STRICT_PROTOTYPES = YES;
				CLANG_WARN_SUSPICIOUS_MOVE = YES;
				CLANG_WARN_UNGUARDED_AVAILABILITY = YES_AGGRESSIVE;
				CLANG_WARN_UNREACHABLE_CODE = YES;
				CLANG_WARN__DUPLICATE_METHOD_MATCH = YES;
				COPY_PHASE_STRIP = NO;
				DEBUG_INFORMATION_FORMAT = dwarf;
				ENABLE_STRICT_OBJC_MSGSEND = YES;
				ENABLE_TESTABILITY = YES;
				GCC_C_LANGUAGE_STANDARD = gnu11;
				GCC_DYNAMIC_NO_PIC = NO;
				GCC_NO_COMMON_BLOCKS = YES;
				GCC_OPTIMIZATION_LEVEL = 0;
				GCC_PREPROCESSOR_DEFINITIONS = (
					"DEBUG=1",
					"$(inherited)",
				);
				GCC_WARN_64_TO_32_BIT_CONVERSION = YES;
				GCC_WARN_ABOUT_RETURN_TYPE = YES_ERROR;
				GCC_WARN_UNDECLARED_SELECTOR = YES;
				GCC_WARN_UNINITIALIZED_AUTOS = YES_AGGRESSIVE;
				GCC_WARN_UNUSED_FUNCTION = YES;
				GCC_WARN_UNUSED_VARIABLE = YES;
				IPHONEOS_DEPLOYMENT_TARGET = 13.2;
				MTL_ENABLE_DEBUG_INFO = INCLUDE_SOURCE;
				MTL_FAST_MATH = YES;
				ONLY_ACTIVE_ARCH = YES;
				SDKROOT = iphoneos;
				SWIFT_ACTIVE_COMPILATION_CONDITIONS = DEBUG;
				SWIFT_OPTIMIZATION_LEVEL = "-Onone";
			};
			name = Debug;
		};
		A05FAF2023E94E5000C2039E /* Release */ = {
			isa = XCBuildConfiguration;
			buildSettings = {
				ALWAYS_SEARCH_USER_PATHS = NO;
				CLANG_ANALYZER_NONNULL = YES;
				CLANG_ANALYZER_NUMBER_OBJECT_CONVERSION = YES_AGGRESSIVE;
				CLANG_CXX_LANGUAGE_STANDARD = "gnu++14";
				CLANG_CXX_LIBRARY = "libc++";
				CLANG_ENABLE_MODULES = YES;
				CLANG_ENABLE_OBJC_ARC = YES;
				CLANG_ENABLE_OBJC_WEAK = YES;
				CLANG_WARN_BLOCK_CAPTURE_AUTORELEASING = YES;
				CLANG_WARN_BOOL_CONVERSION = YES;
				CLANG_WARN_COMMA = YES;
				CLANG_WARN_CONSTANT_CONVERSION = YES;
				CLANG_WARN_DEPRECATED_OBJC_IMPLEMENTATIONS = YES;
				CLANG_WARN_DIRECT_OBJC_ISA_USAGE = YES_ERROR;
				CLANG_WARN_DOCUMENTATION_COMMENTS = YES;
				CLANG_WARN_EMPTY_BODY = YES;
				CLANG_WARN_ENUM_CONVERSION = YES;
				CLANG_WARN_INFINITE_RECURSION = YES;
				CLANG_WARN_INT_CONVERSION = YES;
				CLANG_WARN_NON_LITERAL_NULL_CONVERSION = YES;
				CLANG_WARN_OBJC_IMPLICIT_RETAIN_SELF = YES;
				CLANG_WARN_OBJC_LITERAL_CONVERSION = YES;
				CLANG_WARN_OBJC_ROOT_CLASS = YES_ERROR;
				CLANG_WARN_RANGE_LOOP_ANALYSIS = YES;
				CLANG_WARN_STRICT_PROTOTYPES = YES;
				CLANG_WARN_SUSPICIOUS_MOVE = YES;
				CLANG_WARN_UNGUARDED_AVAILABILITY = YES_AGGRESSIVE;
				CLANG_WARN_UNREACHABLE_CODE = YES;
				CLANG_WARN__DUPLICATE_METHOD_MATCH = YES;
				COPY_PHASE_STRIP = NO;
				DEBUG_INFORMATION_FORMAT = "dwarf-with-dsym";
				ENABLE_NS_ASSERTIONS = NO;
				ENABLE_STRICT_OBJC_MSGSEND = YES;
				GCC_C_LANGUAGE_STANDARD = gnu11;
				GCC_NO_COMMON_BLOCKS = YES;
				GCC_WARN_64_TO_32_BIT_CONVERSION = YES;
				GCC_WARN_ABOUT_RETURN_TYPE = YES_ERROR;
				GCC_WARN_UNDECLARED_SELECTOR = YES;
				GCC_WARN_UNINITIALIZED_AUTOS = YES_AGGRESSIVE;
				GCC_WARN_UNUSED_FUNCTION = YES;
				GCC_WARN_UNUSED_VARIABLE = YES;
				IPHONEOS_DEPLOYMENT_TARGET = 13.2;
				MTL_ENABLE_DEBUG_INFO = NO;
				MTL_FAST_MATH = YES;
				SDKROOT = iphoneos;
				SWIFT_COMPILATION_MODE = wholemodule;
				SWIFT_OPTIMIZATION_LEVEL = "-O";
				VALIDATE_PRODUCT = YES;
			};
			name = Release;
		};
		A05FAF2223E94E5000C2039E /* Debug */ = {
			isa = XCBuildConfiguration;
			baseConfigurationReference = 5617F964B984DC403AA5A114 /* Pods-myBarList.debug.xcconfig */;
			buildSettings = {
				ASSETCATALOG_COMPILER_APPICON_NAME = AppIcon;
				CODE_SIGN_STYLE = Automatic;
				DEVELOPMENT_TEAM = GYJG7969S7;
				INFOPLIST_FILE = myBarList/Info.plist;
				LD_RUNPATH_SEARCH_PATHS = (
					"$(inherited)",
					"@executable_path/Frameworks",
				);
				PRODUCT_BUNDLE_IDENTIFIER = fsy218.myBarList;
				PRODUCT_NAME = "$(TARGET_NAME)";
				SWIFT_VERSION = 5.0;
				TARGETED_DEVICE_FAMILY = "1,2";
			};
			name = Debug;
		};
		A05FAF2323E94E5000C2039E /* Release */ = {
			isa = XCBuildConfiguration;
			baseConfigurationReference = E3F035F33F01A0118225B777 /* Pods-myBarList.release.xcconfig */;
			buildSettings = {
				ASSETCATALOG_COMPILER_APPICON_NAME = AppIcon;
				CODE_SIGN_STYLE = Automatic;
				DEVELOPMENT_TEAM = GYJG7969S7;
				INFOPLIST_FILE = myBarList/Info.plist;
				LD_RUNPATH_SEARCH_PATHS = (
					"$(inherited)",
					"@executable_path/Frameworks",
				);
				PRODUCT_BUNDLE_IDENTIFIER = fsy218.myBarList;
				PRODUCT_NAME = "$(TARGET_NAME)";
				SWIFT_VERSION = 5.0;
				TARGETED_DEVICE_FAMILY = "1,2";
			};
			name = Release;
		};
/* End XCBuildConfiguration section */

/* Begin XCConfigurationList section */
		A05FAF0823E94E4B00C2039E /* Build configuration list for PBXProject "myBarList" */ = {
			isa = XCConfigurationList;
			buildConfigurations = (
				A05FAF1F23E94E5000C2039E /* Debug */,
				A05FAF2023E94E5000C2039E /* Release */,
			);
			defaultConfigurationIsVisible = 0;
			defaultConfigurationName = Release;
		};
		A05FAF2123E94E5000C2039E /* Build configuration list for PBXNativeTarget "myBarList" */ = {
			isa = XCConfigurationList;
			buildConfigurations = (
				A05FAF2223E94E5000C2039E /* Debug */,
				A05FAF2323E94E5000C2039E /* Release */,
			);
			defaultConfigurationIsVisible = 0;
			defaultConfigurationName = Release;
		};
/* End XCConfigurationList section */
	};
	rootObject = A05FAF0523E94E4B00C2039E /* Project object */;
}
